
Microsoft Visual Studio Solution File, Format Version 12.00
# Visual Studio Version 17
VisualStudioVersion = 17.2.32519.379
MinimumVisualStudioVersion = 10.0.40219.1
Project("{FAE04EC0-301F-11D3-BF4B-00C04F79EFBC}") = "Workshop", "Workshop\Workshop.csproj", "{02B2E9EA-7350-4382-9991-1D61EEE4D0DE}"
EndProject
Global
	GlobalSection(SolutionConfigurationPlatforms) = preSolution
		Debug|Any CPU = Debug|Any CPU
		Release|Any CPU = Release|Any CPU
	EndGlobalSection
	GlobalSection(ProjectConfigurationPlatforms) = postSolution
		{02B2E9EA-7350-4382-9991-1D61EEE4D0DE}.Debug|Any CPU.ActiveCfg = Debug|Any CPU
		{02B2E9EA-7350-4382-9991-1D61EEE4D0DE}.Debug|Any CPU.Build.0 = Debug|Any CPU
		{02B2E9EA-7350-4382-9991-1D61EEE4D0DE}.Release|Any CPU.ActiveCfg = Release|Any CPU
		{02B2E9EA-7350-4382-9991-1D61EEE4D0DE}.Release|Any CPU.Build.0 = Release|Any CPU
	EndGlobalSection
	GlobalSection(SolutionProperties) = preSolution
		HideSolutionNode = FALSE
	EndGlobalSection
	GlobalSection(ExtensibilityGlobals) = postSolution
		SolutionGuid = {6EA3AB34-E3C7-4511-84D4-990F3E79B067}
	EndGlobalSection
EndGlobal
